
Microsoft Visual Studio Solution File, Format Version 12.00
# Visual Studio Version 17
VisualStudioVersion = 17.4.33205.214
MinimumVisualStudioVersion = 10.0.40219.1
Project("{9A19103F-16F7-4668-BE54-9A1E7A4F7556}") = "PerfFixPlugin", "PerfFixPlugin.csproj", "{5B250508-74DC-45D3-87B9-FD138EC73BA3}"
EndProject
Global
	GlobalSection(SolutionConfigurationPlatforms) = preSolution
		Debug|Any CPU = Debug|Any CPU
		Release|Any CPU = Release|Any CPU
	EndGlobalSection
	GlobalSection(ProjectConfigurationPlatforms) = postSolution
		{5B250508-74DC-45D3-87B9-FD138EC73BA3}.Debug|Any CPU.ActiveCfg = Debug|Any CPU
		{5B250508-74DC-45D3-87B9-FD138EC73BA3}.Debug|Any CPU.Build.0 = Debug|Any CPU
		{5B250508-74DC-45D3-87B9-FD138EC73BA3}.Release|Any CPU.ActiveCfg = Release|Any CPU
		{5B250508-74DC-45D3-87B9-FD138EC73BA3}.Release|Any CPU.Build.0 = Release|Any CPU
	EndGlobalSection
	GlobalSection(SolutionProperties) = preSolution
		HideSolutionNode = FALSE
	EndGlobalSection
	GlobalSection(ExtensibilityGlobals) = postSolution
		SolutionGuid = {BC3CC5C2-3155-4EEE-9700-9F8A7EEB5974}
	EndGlobalSection
EndGlobal
